
Microsoft Visual Studio Solution File, Format Version 12.00
# Visual Studio 2013
VisualStudioVersion = 12.0.30501.0
MinimumVisualStudioVersion = 10.0.40219.1
Project("{FAE04EC0-301F-11D3-BF4B-00C04F79EFBC}") = "SwissArmy", "SwissArmy\SwissArmy.csproj", "{6C835BD2-5EA2-426F-A2D5-26D7E496B799}"
EndProject
Project("{FAE04EC0-301F-11D3-BF4B-00C04F79EFBC}") = "SwissArmy.Test", "SwissArmy.Test\SwissArmy.Test.csproj", "{0C337384-0825-4F51-BB56-F60B6100AA4F}"
EndProject
Project("{2150E333-8FDC-42A3-9474-1A3956D46DE8}") = "Packages", "Packages", "{9111EEB2-7B27-4C35-9230-4671999E0AC0}"
	ProjectSection(SolutionItems) = preProject
		Release Packages\SwissArmy.1.0.0.1.nupkg = Release Packages\SwissArmy.1.0.0.1.nupkg
		..\Release Packages\SwissArmy.1.0.0.nupkg = ..\Release Packages\SwissArmy.1.0.0.nupkg
	EndProjectSection
EndProject
Project("{2150E333-8FDC-42A3-9474-1A3956D46DE8}") = ".nuget", ".nuget", "{4855CD75-3B2F-4138-A9F6-C9197365429C}"
	ProjectSection(SolutionItems) = preProject
		.nuget\NuGet.Config = .nuget\NuGet.Config
		.nuget\NuGet.exe = .nuget\NuGet.exe
		.nuget\NuGet.targets = .nuget\NuGet.targets
	EndProjectSection
EndProject
Project("{2150E333-8FDC-42A3-9474-1A3956D46DE8}") = "Site Items", "Site Items", "{D0AFF67A-12A6-464A-8497-75975EE72FBC}"
	ProjectSection(SolutionItems) = preProject
		SiteItems\SwissArmyKnife.ico = SiteItems\SwissArmyKnife.ico
		SiteItems\SwissArmyKnife.png = SiteItems\SwissArmyKnife.png
	EndProjectSection
EndProject
Global
	GlobalSection(SolutionConfigurationPlatforms) = preSolution
		Debug|Any CPU = Debug|Any CPU
		Release|Any CPU = Release|Any CPU
	EndGlobalSection
	GlobalSection(ProjectConfigurationPlatforms) = postSolution
		{6C835BD2-5EA2-426F-A2D5-26D7E496B799}.Debug|Any CPU.ActiveCfg = Debug|Any CPU
		{6C835BD2-5EA2-426F-A2D5-26D7E496B799}.Debug|Any CPU.Build.0 = Debug|Any CPU
		{6C835BD2-5EA2-426F-A2D5-26D7E496B799}.Release|Any CPU.ActiveCfg = Release|Any CPU
		{6C835BD2-5EA2-426F-A2D5-26D7E496B799}.Release|Any CPU.Build.0 = Release|Any CPU
		{0C337384-0825-4F51-BB56-F60B6100AA4F}.Debug|Any CPU.ActiveCfg = Debug|Any CPU
		{0C337384-0825-4F51-BB56-F60B6100AA4F}.Debug|Any CPU.Build.0 = Debug|Any CPU
		{0C337384-0825-4F51-BB56-F60B6100AA4F}.Release|Any CPU.ActiveCfg = Release|Any CPU
		{0C337384-0825-4F51-BB56-F60B6100AA4F}.Release|Any CPU.Build.0 = Release|Any CPU
	EndGlobalSection
	GlobalSection(SolutionProperties) = preSolution
		HideSolutionNode = FALSE
	EndGlobalSection
EndGlobal
