
Microsoft Visual Studio Solution File, Format Version 12.00
# Visual Studio 2012
Project("{FAE04EC0-301F-11D3-BF4B-00C04F79EFBC}") = "SwissArmy", "SwissArmy\SwissArmy.csproj", "{6C835BD2-5EA2-426F-A2D5-26D7E496B799}"
EndProject
Project("{FAE04EC0-301F-11D3-BF4B-00C04F79EFBC}") = "SwissArmy.Test", "SwissArmy.Test\SwissArmy.Test.csproj", "{0C337384-0825-4F51-BB56-F60B6100AA4F}"
EndProject
Global
	GlobalSection(SolutionConfigurationPlatforms) = preSolution
		Debug|Any CPU = Debug|Any CPU
		Release|Any CPU = Release|Any CPU
	EndGlobalSection
	GlobalSection(ProjectConfigurationPlatforms) = postSolution
		{6C835BD2-5EA2-426F-A2D5-26D7E496B799}.Debug|Any CPU.ActiveCfg = Debug|Any CPU
		{6C835BD2-5EA2-426F-A2D5-26D7E496B799}.Debug|Any CPU.Build.0 = Debug|Any CPU
		{6C835BD2-5EA2-426F-A2D5-26D7E496B799}.Release|Any CPU.ActiveCfg = Release|Any CPU
		{6C835BD2-5EA2-426F-A2D5-26D7E496B799}.Release|Any CPU.Build.0 = Release|Any CPU
		{0C337384-0825-4F51-BB56-F60B6100AA4F}.Debug|Any CPU.ActiveCfg = Debug|Any CPU
		{0C337384-0825-4F51-BB56-F60B6100AA4F}.Debug|Any CPU.Build.0 = Debug|Any CPU
		{0C337384-0825-4F51-BB56-F60B6100AA4F}.Release|Any CPU.ActiveCfg = Release|Any CPU
		{0C337384-0825-4F51-BB56-F60B6100AA4F}.Release|Any CPU.Build.0 = Release|Any CPU
	EndGlobalSection
	GlobalSection(SolutionProperties) = preSolution
		HideSolutionNode = FALSE
	EndGlobalSection
EndGlobal
