
Microsoft Visual Studio Solution File, Format Version 12.00
# Visual Studio Version 16
VisualStudioVersion = 16.0.29102.190
MinimumVisualStudioVersion = 10.0.40219.1
Project("{2150E333-8FDC-42A3-9474-1A3956D46DE8}") = "Packages", "Packages", "{9111EEB2-7B27-4C35-9230-4671999E0AC0}"
	ProjectSection(SolutionItems) = preProject
		Release Packages\SwissArmy.1.0.0.1.nupkg = Release Packages\SwissArmy.1.0.0.1.nupkg
		..\Release Packages\SwissArmy.1.0.0.nupkg = ..\Release Packages\SwissArmy.1.0.0.nupkg
	EndProjectSection
EndProject
Project("{2150E333-8FDC-42A3-9474-1A3956D46DE8}") = "Site Items", "Site Items", "{D0AFF67A-12A6-464A-8497-75975EE72FBC}"
	ProjectSection(SolutionItems) = preProject
		SiteItems\SwissArmyKnife.ico = SiteItems\SwissArmyKnife.ico
		SiteItems\SwissArmyKnife.png = SiteItems\SwissArmyKnife.png
	EndProjectSection
EndProject
Project("{FAE04EC0-301F-11D3-BF4B-00C04F79EFBC}") = "SwissArmy.Standard", "SwissArmy.Standard\SwissArmy.Standard.csproj", "{B510170A-E01C-45F4-A31C-F5779C41D05B}"
EndProject
Global
	GlobalSection(SolutionConfigurationPlatforms) = preSolution
		Debug|Any CPU = Debug|Any CPU
		Release|Any CPU = Release|Any CPU
	EndGlobalSection
	GlobalSection(ProjectConfigurationPlatforms) = postSolution
		{B510170A-E01C-45F4-A31C-F5779C41D05B}.Debug|Any CPU.ActiveCfg = Debug|Any CPU
		{B510170A-E01C-45F4-A31C-F5779C41D05B}.Debug|Any CPU.Build.0 = Debug|Any CPU
		{B510170A-E01C-45F4-A31C-F5779C41D05B}.Release|Any CPU.ActiveCfg = Release|Any CPU
		{B510170A-E01C-45F4-A31C-F5779C41D05B}.Release|Any CPU.Build.0 = Release|Any CPU
	EndGlobalSection
	GlobalSection(SolutionProperties) = preSolution
		HideSolutionNode = FALSE
	EndGlobalSection
	GlobalSection(ExtensibilityGlobals) = postSolution
		SolutionGuid = {865A6611-EEBD-45F4-9672-26EC597A1114}
	EndGlobalSection
EndGlobal
